// !$*UTF8*$!
{
	archiveVersion = 1;
	classes = {
	};
	objectVersion = 56;
	objects = {

/* Begin PBXBuildFile section */
		32E47A0D2B8F062F00ABB405 /* AppState+EnemyLogic.swift in Sources */ = {isa = PBXBuildFile; fileRef = 32E47A0C2B8F062F00ABB405 /* AppState+EnemyLogic.swift */; };
		32EDF75A2B863047001185DC /* GlobalEntities.swift in Sources */ = {isa = PBXBuildFile; fileRef = 32EDF7592B863047001185DC /* GlobalEntities.swift */; };
		32EDF77F2B865F2E001185DC /* Utils.swift in Sources */ = {isa = PBXBuildFile; fileRef = 32EDF77E2B865F2E001185DC /* Utils.swift */; };
		32EDF7842B8707C1001185DC /* Tube.swift in Sources */ = {isa = PBXBuildFile; fileRef = 32EDF7832B8707C1001185DC /* Tube.swift */; };
		32EDF7872B870B05001185DC /* LevelDataJSONString.swift in Sources */ = {isa = PBXBuildFile; fileRef = 32EDF7862B870B05001185DC /* LevelDataJSONString.swift */; };
		32EDF7892B870E3F001185DC /* ChooseLevelView.swift in Sources */ = {isa = PBXBuildFile; fileRef = 32EDF7882B870E3F001185DC /* ChooseLevelView.swift */; };
		32EDF78B2B892854001185DC /* EnemyControllerView.swift in Sources */ = {isa = PBXBuildFile; fileRef = 32EDF78A2B892854001185DC /* EnemyControllerView.swift */; };
		32EDF7902B8E3E55001185DC /* EnemyMovementSystem.swift in Sources */ = {isa = PBXBuildFile; fileRef = 32EDF78F2B8E3E55001185DC /* EnemyMovementSystem.swift */; };
		4D49555A2B7C279C00E7C608 /* AppState+CollisionLogic.swift in Sources */ = {isa = PBXBuildFile; fileRef = 4D4955592B7C279C00E7C608 /* AppState+CollisionLogic.swift */; };
		4D9B736C2B7AE580007CA380 /* RealityKitContent in Frameworks */ = {isa = PBXBuildFile; productRef = 4D9B736B2B7AE580007CA380 /* RealityKitContent */; };
		4D9B736E2B7AE580007CA380 /* DuckRescueApp.swift in Sources */ = {isa = PBXBuildFile; fileRef = 4D9B736D2B7AE580007CA380 /* DuckRescueApp.swift */; };
		4D9B73702B7AE580007CA380 /* ContentView.swift in Sources */ = {isa = PBXBuildFile; fileRef = 4D9B736F2B7AE580007CA380 /* ContentView.swift */; };
		4D9B73722B7AE580007CA380 /* ImmersiveView.swift in Sources */ = {isa = PBXBuildFile; fileRef = 4D9B73712B7AE580007CA380 /* ImmersiveView.swift */; };
		4D9B73742B7AE581007CA380 /* Assets.xcassets in Resources */ = {isa = PBXBuildFile; fileRef = 4D9B73732B7AE581007CA380 /* Assets.xcassets */; };
		4D9B73772B7AE581007CA380 /* Preview Assets.xcassets in Resources */ = {isa = PBXBuildFile; fileRef = 4D9B73762B7AE581007CA380 /* Preview Assets.xcassets */; };
		4D9B73822B7AE755007CA380 /* AppState.swift in Sources */ = {isa = PBXBuildFile; fileRef = 4D9B73812B7AE755007CA380 /* AppState.swift */; };
/* End PBXBuildFile section */

/* Begin PBXFileReference section */
		32E47A0C2B8F062F00ABB405 /* AppState+EnemyLogic.swift */ = {isa = PBXFileReference; lastKnownFileType = sourcecode.swift; path = "AppState+EnemyLogic.swift"; sourceTree = "<group>"; };
		32EDF7592B863047001185DC /* GlobalEntities.swift */ = {isa = PBXFileReference; lastKnownFileType = sourcecode.swift; path = GlobalEntities.swift; sourceTree = "<group>"; };
		32EDF77E2B865F2E001185DC /* Utils.swift */ = {isa = PBXFileReference; lastKnownFileType = sourcecode.swift; path = Utils.swift; sourceTree = "<group>"; };
		32EDF7832B8707C1001185DC /* Tube.swift */ = {isa = PBXFileReference; lastKnownFileType = sourcecode.swift; path = Tube.swift; sourceTree = "<group>"; };
		32EDF7862B870B05001185DC /* LevelDataJSONString.swift */ = {isa = PBXFileReference; lastKnownFileType = sourcecode.swift; path = LevelDataJSONString.swift; sourceTree = "<group>"; };
		32EDF7882B870E3F001185DC /* ChooseLevelView.swift */ = {isa = PBXFileReference; lastKnownFileType = sourcecode.swift; path = ChooseLevelView.swift; sourceTree = "<group>"; };
		32EDF78A2B892854001185DC /* EnemyControllerView.swift */ = {isa = PBXFileReference; lastKnownFileType = sourcecode.swift; path = EnemyControllerView.swift; sourceTree = "<group>"; };
		32EDF78F2B8E3E55001185DC /* EnemyMovementSystem.swift */ = {isa = PBXFileReference; lastKnownFileType = sourcecode.swift; path = EnemyMovementSystem.swift; sourceTree = "<group>"; };
		4D4955592B7C279C00E7C608 /* AppState+CollisionLogic.swift */ = {isa = PBXFileReference; lastKnownFileType = sourcecode.swift; path = "AppState+CollisionLogic.swift"; sourceTree = "<group>"; };
		4D9B73662B7AE580007CA380 /* DuckRescue.app */ = {isa = PBXFileReference; explicitFileType = wrapper.application; includeInIndex = 0; path = DuckRescue.app; sourceTree = BUILT_PRODUCTS_DIR; };
		4D9B736A2B7AE580007CA380 /* RealityKitContent */ = {isa = PBXFileReference; lastKnownFileType = wrapper; path = RealityKitContent; sourceTree = "<group>"; };
		4D9B736D2B7AE580007CA380 /* DuckRescueApp.swift */ = {isa = PBXFileReference; lastKnownFileType = sourcecode.swift; path = DuckRescueApp.swift; sourceTree = "<group>"; };
		4D9B736F2B7AE580007CA380 /* ContentView.swift */ = {isa = PBXFileReference; lastKnownFileType = sourcecode.swift; path = ContentView.swift; sourceTree = "<group>"; };
		4D9B73712B7AE580007CA380 /* ImmersiveView.swift */ = {isa = PBXFileReference; lastKnownFileType = sourcecode.swift; path = ImmersiveView.swift; sourceTree = "<group>"; };
		4D9B73732B7AE581007CA380 /* Assets.xcassets */ = {isa = PBXFileReference; lastKnownFileType = folder.assetcatalog; path = Assets.xcassets; sourceTree = "<group>"; };
		4D9B73762B7AE581007CA380 /* Preview Assets.xcassets */ = {isa = PBXFileReference; lastKnownFileType = folder.assetcatalog; path = "Preview Assets.xcassets"; sourceTree = "<group>"; };
		4D9B73782B7AE581007CA380 /* Info.plist */ = {isa = PBXFileReference; lastKnownFileType = text.plist.xml; path = Info.plist; sourceTree = "<group>"; };
		4D9B73812B7AE755007CA380 /* AppState.swift */ = {isa = PBXFileReference; lastKnownFileType = sourcecode.swift; path = AppState.swift; sourceTree = "<group>"; };
/* End PBXFileReference section */

/* Begin PBXFrameworksBuildPhase section */
		4D9B73632B7AE580007CA380 /* Frameworks */ = {
			isa = PBXFrameworksBuildPhase;
			buildActionMask = 2147483647;
			files = (
				4D9B736C2B7AE580007CA380 /* RealityKitContent in Frameworks */,
			);
			runOnlyForDeploymentPostprocessing = 0;
		};
/* End PBXFrameworksBuildPhase section */

/* Begin PBXGroup section */
		32EDF7802B870547001185DC /* Entities */ = {
			isa = PBXGroup;
			children = (
			);
			path = Entities;
			sourceTree = "<group>";
		};
		32EDF7852B870AF7001185DC /* Data */ = {
			isa = PBXGroup;
			children = (
				32EDF7862B870B05001185DC /* LevelDataJSONString.swift */,
			);
			path = Data;
			sourceTree = "<group>";
		};
		32EDF78E2B8E3A29001185DC /* Systems */ = {
			isa = PBXGroup;
			children = (
				32EDF78F2B8E3E55001185DC /* EnemyMovementSystem.swift */,
			);
			path = Systems;
			sourceTree = "<group>";
		};
		4D9B735D2B7AE580007CA380 = {
			isa = PBXGroup;
			children = (
				4D9B73682B7AE580007CA380 /* DuckRescue */,
				4D9B73692B7AE580007CA380 /* Packages */,
				4D9B73672B7AE580007CA380 /* Products */,
			);
			sourceTree = "<group>";
		};
		4D9B73672B7AE580007CA380 /* Products */ = {
			isa = PBXGroup;
			children = (
				4D9B73662B7AE580007CA380 /* DuckRescue.app */,
			);
			name = Products;
			sourceTree = "<group>";
		};
		4D9B73682B7AE580007CA380 /* DuckRescue */ = {
			isa = PBXGroup;
			children = (
				32EDF78E2B8E3A29001185DC /* Systems */,
				32EDF7802B870547001185DC /* Entities */,
				4D9B736D2B7AE580007CA380 /* DuckRescueApp.swift */,
				4D9B73802B7AE738007CA380 /* AppState */,
				4D9B737E2B7AE70A007CA380 /* Views */,
				4D9B737F2B7AE71E007CA380 /* ImmersiveSpaces */,
				4D9B73732B7AE581007CA380 /* Assets.xcassets */,
				4D9B73782B7AE581007CA380 /* Info.plist */,
				4D9B73752B7AE581007CA380 /* Preview Content */,
				32EDF77E2B865F2E001185DC /* Utils.swift */,
			);
			path = DuckRescue;
			sourceTree = "<group>";
		};
		4D9B73692B7AE580007CA380 /* Packages */ = {
			isa = PBXGroup;
			children = (
				4D9B736A2B7AE580007CA380 /* RealityKitContent */,
			);
			path = Packages;
			sourceTree = "<group>";
		};
		4D9B73752B7AE581007CA380 /* Preview Content */ = {
			isa = PBXGroup;
			children = (
				4D9B73762B7AE581007CA380 /* Preview Assets.xcassets */,
			);
			path = "Preview Content";
			sourceTree = "<group>";
		};
		4D9B737E2B7AE70A007CA380 /* Views */ = {
			isa = PBXGroup;
			children = (
				4D9B736F2B7AE580007CA380 /* ContentView.swift */,
				32EDF7882B870E3F001185DC /* ChooseLevelView.swift */,
				32EDF78A2B892854001185DC /* EnemyControllerView.swift */,
			);
			path = Views;
			sourceTree = "<group>";
		};
		4D9B737F2B7AE71E007CA380 /* ImmersiveSpaces */ = {
			isa = PBXGroup;
			children = (
				4D9B73712B7AE580007CA380 /* ImmersiveView.swift */,
				32EDF7592B863047001185DC /* GlobalEntities.swift */,
			);
			path = ImmersiveSpaces;
			sourceTree = "<group>";
		};
		4D9B73802B7AE738007CA380 /* AppState */ = {
			isa = PBXGroup;
			children = (
				32EDF7852B870AF7001185DC /* Data */,
				4D9B73812B7AE755007CA380 /* AppState.swift */,
				4D4955592B7C279C00E7C608 /* AppState+CollisionLogic.swift */,
				32E47A0C2B8F062F00ABB405 /* AppState+EnemyLogic.swift */,
				32EDF7832B8707C1001185DC /* Tube.swift */,
			);
			path = AppState;
			sourceTree = "<group>";
		};
/* End PBXGroup section */

/* Begin PBXNativeTarget section */
		4D9B73652B7AE580007CA380 /* DuckRescue */ = {
			isa = PBXNativeTarget;
			buildConfigurationList = 4D9B737B2B7AE581007CA380 /* Build configuration list for PBXNativeTarget "DuckRescue" */;
			buildPhases = (
				4D9B73622B7AE580007CA380 /* Sources */,
				4D9B73632B7AE580007CA380 /* Frameworks */,
				4D9B73642B7AE580007CA380 /* Resources */,
			);
			buildRules = (
			);
			dependencies = (
			);
			name = DuckRescue;
			packageProductDependencies = (
				4D9B736B2B7AE580007CA380 /* RealityKitContent */,
			);
			productName = DuckRescue;
			productReference = 4D9B73662B7AE580007CA380 /* DuckRescue.app */;
			productType = "com.apple.product-type.application";
		};
/* End PBXNativeTarget section */

/* Begin PBXProject section */
		4D9B735E2B7AE580007CA380 /* Project object */ = {
			isa = PBXProject;
			attributes = {
				BuildIndependentTargetsInParallel = 1;
				LastSwiftUpdateCheck = 1520;
				LastUpgradeCheck = 1520;
				TargetAttributes = {
					4D9B73652B7AE580007CA380 = {
						CreatedOnToolsVersion = 15.2;
					};
				};
			};
			buildConfigurationList = 4D9B73612B7AE580007CA380 /* Build configuration list for PBXProject "DuckRescue" */;
			compatibilityVersion = "Xcode 14.0";
			developmentRegion = en;
			hasScannedForEncodings = 0;
			knownRegions = (
				en,
				Base,
			);
			mainGroup = 4D9B735D2B7AE580007CA380;
			productRefGroup = 4D9B73672B7AE580007CA380 /* Products */;
			projectDirPath = "";
			projectRoot = "";
			targets = (
				4D9B73652B7AE580007CA380 /* DuckRescue */,
			);
		};
/* End PBXProject section */

/* Begin PBXResourcesBuildPhase section */
		4D9B73642B7AE580007CA380 /* Resources */ = {
			isa = PBXResourcesBuildPhase;
			buildActionMask = 2147483647;
			files = (
				4D9B73772B7AE581007CA380 /* Preview Assets.xcassets in Resources */,
				4D9B73742B7AE581007CA380 /* Assets.xcassets in Resources */,
			);
			runOnlyForDeploymentPostprocessing = 0;
		};
/* End PBXResourcesBuildPhase section */

/* Begin PBXSourcesBuildPhase section */
		4D9B73622B7AE580007CA380 /* Sources */ = {
			isa = PBXSourcesBuildPhase;
			buildActionMask = 2147483647;
			files = (
				4D9B73702B7AE580007CA380 /* ContentView.swift in Sources */,
				32EDF75A2B863047001185DC /* GlobalEntities.swift in Sources */,
				32EDF78B2B892854001185DC /* EnemyControllerView.swift in Sources */,
				32E47A0D2B8F062F00ABB405 /* AppState+EnemyLogic.swift in Sources */,
				32EDF7872B870B05001185DC /* LevelDataJSONString.swift in Sources */,
				32EDF7842B8707C1001185DC /* Tube.swift in Sources */,
				4D9B736E2B7AE580007CA380 /* DuckRescueApp.swift in Sources */,
				32EDF7902B8E3E55001185DC /* EnemyMovementSystem.swift in Sources */,
				32EDF77F2B865F2E001185DC /* Utils.swift in Sources */,
				32EDF7892B870E3F001185DC /* ChooseLevelView.swift in Sources */,
				4D49555A2B7C279C00E7C608 /* AppState+CollisionLogic.swift in Sources */,
				4D9B73722B7AE580007CA380 /* ImmersiveView.swift in Sources */,
				4D9B73822B7AE755007CA380 /* AppState.swift in Sources */,
			);
			runOnlyForDeploymentPostprocessing = 0;
		};
/* End PBXSourcesBuildPhase section */

/* Begin XCBuildConfiguration section */
		4D9B73792B7AE581007CA380 /* Debug */ = {
			isa = XCBuildConfiguration;
			buildSettings = {
				ALWAYS_SEARCH_USER_PATHS = NO;
				ASSETCATALOG_COMPILER_GENERATE_SWIFT_ASSET_SYMBOL_EXTENSIONS = YES;
				CLANG_ANALYZER_NONNULL = YES;
				CLANG_ANALYZER_NUMBER_OBJECT_CONVERSION = YES_AGGRESSIVE;
				CLANG_CXX_LANGUAGE_STANDARD = "gnu++20";
				CLANG_ENABLE_MODULES = YES;
				CLANG_ENABLE_OBJC_ARC = YES;
				CLANG_ENABLE_OBJC_WEAK = YES;
				CLANG_WARN_BLOCK_CAPTURE_AUTORELEASING = YES;
				CLANG_WARN_BOOL_CONVERSION = YES;
				CLANG_WARN_COMMA = YES;
				CLANG_WARN_CONSTANT_CONVERSION = YES;
				CLANG_WARN_DEPRECATED_OBJC_IMPLEMENTATIONS = YES;
				CLANG_WARN_DIRECT_OBJC_ISA_USAGE = YES_ERROR;
				CLANG_WARN_DOCUMENTATION_COMMENTS = YES;
				CLANG_WARN_EMPTY_BODY = YES;
				CLANG_WARN_ENUM_CONVERSION = YES;
				CLANG_WARN_INFINITE_RECURSION = YES;
				CLANG_WARN_INT_CONVERSION = YES;
				CLANG_WARN_NON_LITERAL_NULL_CONVERSION = YES;
				CLANG_WARN_OBJC_IMPLICIT_RETAIN_SELF = YES;
				CLANG_WARN_OBJC_LITERAL_CONVERSION = YES;
				CLANG_WARN_OBJC_ROOT_CLASS = YES_ERROR;
				CLANG_WARN_QUOTED_INCLUDE_IN_FRAMEWORK_HEADER = YES;
				CLANG_WARN_RANGE_LOOP_ANALYSIS = YES;
				CLANG_WARN_STRICT_PROTOTYPES = YES;
				CLANG_WARN_SUSPICIOUS_MOVE = YES;
				CLANG_WARN_UNGUARDED_AVAILABILITY = YES_AGGRESSIVE;
				CLANG_WARN_UNREACHABLE_CODE = YES;
				CLANG_WARN__DUPLICATE_METHOD_MATCH = YES;
				COPY_PHASE_STRIP = NO;
				DEBUG_INFORMATION_FORMAT = dwarf;
				ENABLE_STRICT_OBJC_MSGSEND = YES;
				ENABLE_TESTABILITY = YES;
				ENABLE_USER_SCRIPT_SANDBOXING = YES;
				GCC_C_LANGUAGE_STANDARD = gnu17;
				GCC_DYNAMIC_NO_PIC = NO;
				GCC_NO_COMMON_BLOCKS = YES;
				GCC_OPTIMIZATION_LEVEL = 0;
				GCC_PREPROCESSOR_DEFINITIONS = (
					"DEBUG=1",
					"$(inherited)",
				);
				GCC_WARN_64_TO_32_BIT_CONVERSION = YES;
				GCC_WARN_ABOUT_RETURN_TYPE = YES_ERROR;
				GCC_WARN_UNDECLARED_SELECTOR = YES;
				GCC_WARN_UNINITIALIZED_AUTOS = YES_AGGRESSIVE;
				GCC_WARN_UNUSED_FUNCTION = YES;
				GCC_WARN_UNUSED_VARIABLE = YES;
				LOCALIZATION_PREFERS_STRING_CATALOGS = YES;
				MTL_ENABLE_DEBUG_INFO = INCLUDE_SOURCE;
				MTL_FAST_MATH = YES;
				ONLY_ACTIVE_ARCH = YES;
				SDKROOT = xros;
				SWIFT_ACTIVE_COMPILATION_CONDITIONS = "DEBUG $(inherited)";
				SWIFT_OPTIMIZATION_LEVEL = "-Onone";
				XROS_DEPLOYMENT_TARGET = 1.0;
			};
			name = Debug;
		};
		4D9B737A2B7AE581007CA380 /* Release */ = {
			isa = XCBuildConfiguration;
			buildSettings = {
				ALWAYS_SEARCH_USER_PATHS = NO;
				ASSETCATALOG_COMPILER_GENERATE_SWIFT_ASSET_SYMBOL_EXTENSIONS = YES;
				CLANG_ANALYZER_NONNULL = YES;
				CLANG_ANALYZER_NUMBER_OBJECT_CONVERSION = YES_AGGRESSIVE;
				CLANG_CXX_LANGUAGE_STANDARD = "gnu++20";
				CLANG_ENABLE_MODULES = YES;
				CLANG_ENABLE_OBJC_ARC = YES;
				CLANG_ENABLE_OBJC_WEAK = YES;
				CLANG_WARN_BLOCK_CAPTURE_AUTORELEASING = YES;
				CLANG_WARN_BOOL_CONVERSION = YES;
				CLANG_WARN_COMMA = YES;
				CLANG_WARN_CONSTANT_CONVERSION = YES;
				CLANG_WARN_DEPRECATED_OBJC_IMPLEMENTATIONS = YES;
				CLANG_WARN_DIRECT_OBJC_ISA_USAGE = YES_ERROR;
				CLANG_WARN_DOCUMENTATION_COMMENTS = YES;
				CLANG_WARN_EMPTY_BODY = YES;
				CLANG_WARN_ENUM_CONVERSION = YES;
				CLANG_WARN_INFINITE_RECURSION = YES;
				CLANG_WARN_INT_CONVERSION = YES;
				CLANG_WARN_NON_LITERAL_NULL_CONVERSION = YES;
				CLANG_WARN_OBJC_IMPLICIT_RETAIN_SELF = YES;
				CLANG_WARN_OBJC_LITERAL_CONVERSION = YES;
				CLANG_WARN_OBJC_ROOT_CLASS = YES_ERROR;
				CLANG_WARN_QUOTED_INCLUDE_IN_FRAMEWORK_HEADER = YES;
				CLANG_WARN_RANGE_LOOP_ANALYSIS = YES;
				CLANG_WARN_STRICT_PROTOTYPES = YES;
				CLANG_WARN_SUSPICIOUS_MOVE = YES;
				CLANG_WARN_UNGUARDED_AVAILABILITY = YES_AGGRESSIVE;
				CLANG_WARN_UNREACHABLE_CODE = YES;
				CLANG_WARN__DUPLICATE_METHOD_MATCH = YES;
				COPY_PHASE_STRIP = NO;
				DEBUG_INFORMATION_FORMAT = "dwarf-with-dsym";
				ENABLE_NS_ASSERTIONS = NO;
				ENABLE_STRICT_OBJC_MSGSEND = YES;
				ENABLE_USER_SCRIPT_SANDBOXING = YES;
				GCC_C_LANGUAGE_STANDARD = gnu17;
				GCC_NO_COMMON_BLOCKS = YES;
				GCC_WARN_64_TO_32_BIT_CONVERSION = YES;
				GCC_WARN_ABOUT_RETURN_TYPE = YES_ERROR;
				GCC_WARN_UNDECLARED_SELECTOR = YES;
				GCC_WARN_UNINITIALIZED_AUTOS = YES_AGGRESSIVE;
				GCC_WARN_UNUSED_FUNCTION = YES;
				GCC_WARN_UNUSED_VARIABLE = YES;
				LOCALIZATION_PREFERS_STRING_CATALOGS = YES;
				MTL_ENABLE_DEBUG_INFO = NO;
				MTL_FAST_MATH = YES;
				SDKROOT = xros;
				SWIFT_COMPILATION_MODE = wholemodule;
				VALIDATE_PRODUCT = YES;
				XROS_DEPLOYMENT_TARGET = 1.0;
			};
			name = Release;
		};
		4D9B737C2B7AE581007CA380 /* Debug */ = {
			isa = XCBuildConfiguration;
			buildSettings = {
				ASSETCATALOG_COMPILER_APPICON_NAME = AppIcon;
				ASSETCATALOG_COMPILER_GLOBAL_ACCENT_COLOR_NAME = AccentColor;
				CODE_SIGN_STYLE = Automatic;
				CURRENT_PROJECT_VERSION = 1;
				DEVELOPMENT_ASSET_PATHS = "\"DuckRescue/Preview Content\"";
				DEVELOPMENT_TEAM = T2V3R3ZLQS;
				ENABLE_PREVIEWS = YES;
				GENERATE_INFOPLIST_FILE = YES;
				INFOPLIST_FILE = "$(TARGET_NAME)/Info.plist";
				LD_RUNPATH_SEARCH_PATHS = (
					"$(inherited)",
					"@executable_path/Frameworks",
				);
				MARKETING_VERSION = 1.0;
				PRODUCT_BUNDLE_IDENTIFIER = com.felixparey.DuckRescueachubutkin;
				PRODUCT_NAME = "$(TARGET_NAME)";
				SUPPORTED_PLATFORMS = "xros xrsimulator";
				SWIFT_EMIT_LOC_STRINGS = YES;
				SWIFT_VERSION = 5.0;
				TARGETED_DEVICE_FAMILY = "1,2,7";
			};
			name = Debug;
		};
		4D9B737D2B7AE581007CA380 /* Release */ = {
			isa = XCBuildConfiguration;
			buildSettings = {
				ASSETCATALOG_COMPILER_APPICON_NAME = AppIcon;
				ASSETCATALOG_COMPILER_GLOBAL_ACCENT_COLOR_NAME = AccentColor;
				CODE_SIGN_STYLE = Automatic;
				CURRENT_PROJECT_VERSION = 1;
				DEVELOPMENT_ASSET_PATHS = "\"DuckRescue/Preview Content\"";
				DEVELOPMENT_TEAM = T2V3R3ZLQS;
				ENABLE_PREVIEWS = YES;
				GENERATE_INFOPLIST_FILE = YES;
				INFOPLIST_FILE = "$(TARGET_NAME)/Info.plist";
				LD_RUNPATH_SEARCH_PATHS = (
					"$(inherited)",
					"@executable_path/Frameworks",
				);
				MARKETING_VERSION = 1.0;
				PRODUCT_BUNDLE_IDENTIFIER = com.felixparey.DuckRescueachubutkin;
				PRODUCT_NAME = "$(TARGET_NAME)";
				SUPPORTED_PLATFORMS = "xros xrsimulator";
				SWIFT_EMIT_LOC_STRINGS = YES;
				SWIFT_VERSION = 5.0;
				TARGETED_DEVICE_FAMILY = "1,2,7";
			};
			name = Release;
		};
/* End XCBuildConfiguration section */

/* Begin XCConfigurationList section */
		4D9B73612B7AE580007CA380 /* Build configuration list for PBXProject "DuckRescue" */ = {
			isa = XCConfigurationList;
			buildConfigurations = (
				4D9B73792B7AE581007CA380 /* Debug */,
				4D9B737A2B7AE581007CA380 /* Release */,
			);
			defaultConfigurationIsVisible = 0;
			defaultConfigurationName = Release;
		};
		4D9B737B2B7AE581007CA380 /* Build configuration list for PBXNativeTarget "DuckRescue" */ = {
			isa = XCConfigurationList;
			buildConfigurations = (
				4D9B737C2B7AE581007CA380 /* Debug */,
				4D9B737D2B7AE581007CA380 /* Release */,
			);
			defaultConfigurationIsVisible = 0;
			defaultConfigurationName = Release;
		};
/* End XCConfigurationList section */

/* Begin XCSwiftPackageProductDependency section */
		4D9B736B2B7AE580007CA380 /* RealityKitContent */ = {
			isa = XCSwiftPackageProductDependency;
			productName = RealityKitContent;
		};
/* End XCSwiftPackageProductDependency section */
	};
	rootObject = 4D9B735E2B7AE580007CA380 /* Project object */;
}
